
Microsoft Visual Studio Solution File, Format Version 12.00
# Visual Studio 15
VisualStudioVersion = 15.0.28307.1705
MinimumVisualStudioVersion = 10.0.40219.1
Project("{FAE04EC0-301F-11D3-BF4B-00C04F79EFBC}") = "prac1", "prac1\prac1.csproj", "{B0283111-1458-444D-961D-BF709B5A29EB}"
EndProject
Global
	GlobalSection(SolutionConfigurationPlatforms) = preSolution
		Debug|Any CPU = Debug|Any CPU
		Release|Any CPU = Release|Any CPU
	EndGlobalSection
	GlobalSection(ProjectConfigurationPlatforms) = postSolution
		{B0283111-1458-444D-961D-BF709B5A29EB}.Debug|Any CPU.ActiveCfg = Debug|Any CPU
		{B0283111-1458-444D-961D-BF709B5A29EB}.Debug|Any CPU.Build.0 = Debug|Any CPU
		{B0283111-1458-444D-961D-BF709B5A29EB}.Release|Any CPU.ActiveCfg = Release|Any CPU
		{B0283111-1458-444D-961D-BF709B5A29EB}.Release|Any CPU.Build.0 = Release|Any CPU
	EndGlobalSection
	GlobalSection(SolutionProperties) = preSolution
		HideSolutionNode = FALSE
	EndGlobalSection
	GlobalSection(ExtensibilityGlobals) = postSolution
		SolutionGuid = {C8E0E66F-7A57-4E52-85DB-E9C942BB0E6C}
	EndGlobalSection
EndGlobal
