
Microsoft Visual Studio Solution File, Format Version 12.00
# Visual Studio 15
VisualStudioVersion = 15.0.28307.1705
MinimumVisualStudioVersion = 10.0.40219.1
Project("{FAE04EC0-301F-11D3-BF4B-00C04F79EFBC}") = "AdvertisingAgency", "AdvertisingAgency\AdvertisingAgency.csproj", "{6F1134D1-059C-467B-87DC-399A389909D4}"
EndProject
Global
	GlobalSection(SolutionConfigurationPlatforms) = preSolution
		Debug|Any CPU = Debug|Any CPU
		Release|Any CPU = Release|Any CPU
	EndGlobalSection
	GlobalSection(ProjectConfigurationPlatforms) = postSolution
		{6F1134D1-059C-467B-87DC-399A389909D4}.Debug|Any CPU.ActiveCfg = Debug|Any CPU
		{6F1134D1-059C-467B-87DC-399A389909D4}.Debug|Any CPU.Build.0 = Debug|Any CPU
		{6F1134D1-059C-467B-87DC-399A389909D4}.Release|Any CPU.ActiveCfg = Release|Any CPU
		{6F1134D1-059C-467B-87DC-399A389909D4}.Release|Any CPU.Build.0 = Release|Any CPU
	EndGlobalSection
	GlobalSection(SolutionProperties) = preSolution
		HideSolutionNode = FALSE
	EndGlobalSection
	GlobalSection(ExtensibilityGlobals) = postSolution
		SolutionGuid = {41AC7FE2-C9EA-44E1-94FD-D978F5559609}
	EndGlobalSection
EndGlobal
